
Microsoft Visual Studio Solution File, Format Version 12.00
# Visual Studio 2012
Project("{FAE04EC0-301F-11D3-BF4B-00C04F79EFBC}") = "Tutorial", "Tutorial\Tutorial.csproj", "{8B56FE9F-A90C-40F2-9A4E-C77342ED5CE5}"
EndProject
Global
	GlobalSection(SolutionConfigurationPlatforms) = preSolution
		Debug|iPhoneSimulator = Debug|iPhoneSimulator
		Release|iPhone = Release|iPhone
		Release|iPhoneSimulator = Release|iPhoneSimulator
		Debug|iPhone = Debug|iPhone
	EndGlobalSection
	GlobalSection(ProjectConfigurationPlatforms) = postSolution
		{8B56FE9F-A90C-40F2-9A4E-C77342ED5CE5}.Debug|iPhoneSimulator.ActiveCfg = Debug|iPhoneSimulator
		{8B56FE9F-A90C-40F2-9A4E-C77342ED5CE5}.Debug|iPhoneSimulator.Build.0 = Debug|iPhoneSimulator
		{8B56FE9F-A90C-40F2-9A4E-C77342ED5CE5}.Release|iPhone.ActiveCfg = Release|iPhone
		{8B56FE9F-A90C-40F2-9A4E-C77342ED5CE5}.Release|iPhone.Build.0 = Release|iPhone
		{8B56FE9F-A90C-40F2-9A4E-C77342ED5CE5}.Release|iPhoneSimulator.ActiveCfg = Release|iPhoneSimulator
		{8B56FE9F-A90C-40F2-9A4E-C77342ED5CE5}.Release|iPhoneSimulator.Build.0 = Release|iPhoneSimulator
		{8B56FE9F-A90C-40F2-9A4E-C77342ED5CE5}.Debug|iPhone.ActiveCfg = Debug|iPhone
		{8B56FE9F-A90C-40F2-9A4E-C77342ED5CE5}.Debug|iPhone.Build.0 = Debug|iPhone
	EndGlobalSection
EndGlobal
